# @generated - this file is auto-generated by `mise lock` https://mise.jdx.dev/dev-tools/mise-lock.html

lockfile_version = 1

[[tools."http:caprica"]]
version = "0.3.0a"
backend = "http:caprica"
specifiers = ["0.3.0a"]

[tools."http:caprica"."platforms.windows-x64"]
checksum = "sha256:8bb87175ecf685fb40b07b8805415062157714109bab0925bc0bb0933e4f549c"
url = "https://github.com/KrisV-777/Caprica/releases/download/0.3.0a/Caprica.zip"

[[tools."http:starfield-scripts"]]
version = "5b12059b81caa0cb543b002f2ca30ce04852e7ea"
backend = "http:starfield-scripts"
specifiers = ["5b12059b81caa0cb543b002f2ca30ce04852e7ea"]

[tools."http:starfield-scripts"."platforms.windows-x64"]
checksum = "sha256:21d31e919e38545d732101a8eaf9adf7351adb201d167bce4e4df0116e3aba06"
url = "https://github.com/rux616/modding-sf1-scripts-vanilla/archive/5b12059b81caa0cb543b002f2ca30ce04852e7ea.zip"

[[tools."http:tesv-scripts"]]
version = "e57131ba4bf3e50f1ade84a93b3b7fe79834720d"
backend = "http:tesv-scripts"
specifiers = ["e57131ba4bf3e50f1ade84a93b3b7fe79834720d"]

[tools."http:tesv-scripts"."platforms.windows-x64"]
checksum = "sha256:1d1e1a222f8476c985b11e2ab8771dd87b469aac4335aedf5b2a64534219d659"
url = "https://github.com/digital-apple/TESVScripts/archive/e57131ba4bf3e50f1ade84a93b3b7fe79834720d.zip"

[[tools.python]]
version = "3.14.7"
backend = "core:python"
specifiers = ["3.14"]

[tools.python."platforms.windows-x64"]
checksum = "sha256:ca3c33ca924dfcab3b74205a7a58a88b0255135c53f95497b26b5e60700fd66d"
url = "https://github.com/astral-sh/python-build-standalone/releases/download/20260901/cpython-3.14.7+20260901-x86_64-pc-windows-msvc-install_only_stripped.tar.gz"
provenance = "github-attestations"
