# @generated - this file is auto-generated by `mise lock` https://mise.jdx.dev/dev-tools/mise-lock.html

lockfile_version = 1

[[tools."github:BadDogSkyrim/PyNifly"]]
version = "V28.3.0"
backend = "github:BadDogSkyrim/PyNifly"
specifiers = ["V28.3.0"]

[tools."github:BadDogSkyrim/PyNifly"."platforms.windows-x64"]
checksum = "sha256:d879ca2fd9477f40bb7ea8a017d59ba83eaf35bd845ac776461f6896678bed43"
url = "https://github.com/BadDogSkyrim/PyNifly/releases/download/V28.3.0/io_scene_nifly.zip"
url_api = "https://api.github.com/repos/BadDogSkyrim/PyNifly/releases/assets/555543568"

[[tools."http:fo76utils"]]
version = "20250312"
backend = "http:fo76utils"
specifiers = ["20250312"]

[tools."http:fo76utils"."platforms.windows-x64"]
checksum = "sha256:969657c42f365bc62b4d27cfb65f4c914237dbb3fcfec1b26869e99224bbc1e5"
url = "https://github.com/fo76utils/fo76utils/releases/download/fo76utils-20250312/fo76utils-20250312-noavx.7z"

[[tools.python]]
version = "3.14.7"
backend = "core:python"
specifiers = ["3.14"]

[tools.python."platforms.windows-x64"]
checksum = "sha256:ca3c33ca924dfcab3b74205a7a58a88b0255135c53f95497b26b5e60700fd66d"
url = "https://github.com/astral-sh/python-build-standalone/releases/download/20260901/cpython-3.14.7+20260901-x86_64-pc-windows-msvc-install_only_stripped.tar.gz"
provenance = "github-attestations"
