# @generated - this file is auto-generated by `mise lock` https://mise.jdx.dev/dev-tools/mise-lock.html

lockfile_version = 1

[[tools."http:bsarch"]]
version = "4.1.5f"
backend = "http:bsarch"
specifiers = ["4.1.5f"]

[tools."http:bsarch"."platforms.windows-x64"]
checksum = "sha256:54c014da621f83f06a64fd92ddb8e32ed3082d1c65f543dc1c4e432130dced08"
url = "https://github.com/TES5Edit/TES5Edit/releases/download/xedit-4.1.5f/xEdit.4.1.5f.7z"

[[tools.python]]
version = "3.14.7"
backend = "core:python"
specifiers = ["3.14"]

[tools.python."platforms.windows-x64"]
checksum = "sha256:ca3c33ca924dfcab3b74205a7a58a88b0255135c53f95497b26b5e60700fd66d"
url = "https://github.com/astral-sh/python-build-standalone/releases/download/20260901/cpython-3.14.7+20260901-x86_64-pc-windows-msvc-install_only_stripped.tar.gz"
provenance = "github-attestations"
